// !$*UTF8*$!
{
	archiveVersion = 1;
	classes = {
	};
	objectVersion = 56;
	objects = {

/* Begin PBXBuildFile section */
		3A6A867F2BE7D496000BB555 /* AppDelegate.swift in Sources */ = {isa = PBXBuildFile; fileRef = 3A6A867E2BE7D496000BB555 /* AppDelegate.swift */; };
		3A6A86812BE7D496000BB555 /* SceneDelegate.swift in Sources */ = {isa = PBXBuildFile; fileRef = 3A6A86802BE7D496000BB555 /* SceneDelegate.swift */; };
		3A6A86832BE7D496000BB555 /* ViewController.swift in Sources */ = {isa = PBXBuildFile; fileRef = 3A6A86822BE7D496000BB555 /* ViewController.swift */; };
		3A6A86862BE7D496000BB555 /* Base in Resources */ = {isa = PBXBuildFile; fileRef = 3A6A86852BE7D496000BB555 /* Base */; };
		3A6A86882BE7D499000BB555 /* Assets.xcassets in Resources */ = {isa = PBXBuildFile; fileRef = 3A6A86872BE7D499000BB555 /* Assets.xcassets */; };
		3A6A868B2BE7D499000BB555 /* Base in Resources */ = {isa = PBXBuildFile; fileRef = 3A6A868A2BE7D499000BB555 /* Base */; };
		3A6A869B2BF17651000BB555 /* Test.swift in Sources */ = {isa = PBXBuildFile; fileRef = 3A6A869A2BF17651000BB555 /* Test.swift */; };
		3A6A869F2BF17C94000BB555 /* Interface.swift in Sources */ = {isa = PBXBuildFile; fileRef = 3A6A869E2BF17C94000BB555 /* Interface.swift */; };
		3A6A86A12BF21270000BB555 /* Question.swift in Sources */ = {isa = PBXBuildFile; fileRef = 3A6A86A02BF21270000BB555 /* Question.swift */; };
		3A6A86A32BF2128E000BB555 /* QuestionList.swift in Sources */ = {isa = PBXBuildFile; fileRef = 3A6A86A22BF2128E000BB555 /* QuestionList.swift */; };
		3A6A86A52BF2136C000BB555 /* Score.swift in Sources */ = {isa = PBXBuildFile; fileRef = 3A6A86A42BF2136C000BB555 /* Score.swift */; };
		3A6A86A72BF22662000BB555 /* Monograph.swift in Sources */ = {isa = PBXBuildFile; fileRef = 3A6A86A62BF22662000BB555 /* Monograph.swift */; };
/* End PBXBuildFile section */

/* Begin PBXFileReference section */
		3A6A867B2BE7D496000BB555 /* HIRAGANA.app */ = {isa = PBXFileReference; explicitFileType = wrapper.application; includeInIndex = 0; path = HIRAGANA.app; sourceTree = BUILT_PRODUCTS_DIR; };
		3A6A867E2BE7D496000BB555 /* AppDelegate.swift */ = {isa = PBXFileReference; lastKnownFileType = sourcecode.swift; path = AppDelegate.swift; sourceTree = "<group>"; };
		3A6A86802BE7D496000BB555 /* SceneDelegate.swift */ = {isa = PBXFileReference; lastKnownFileType = sourcecode.swift; path = SceneDelegate.swift; sourceTree = "<group>"; };
		3A6A86822BE7D496000BB555 /* ViewController.swift */ = {isa = PBXFileReference; lastKnownFileType = sourcecode.swift; path = ViewController.swift; sourceTree = "<group>"; };
		3A6A86852BE7D496000BB555 /* Base */ = {isa = PBXFileReference; lastKnownFileType = file.storyboard; name = Base; path = Base.lproj/Main.storyboard; sourceTree = "<group>"; };
		3A6A86872BE7D499000BB555 /* Assets.xcassets */ = {isa = PBXFileReference; lastKnownFileType = folder.assetcatalog; path = Assets.xcassets; sourceTree = "<group>"; };
		3A6A868A2BE7D499000BB555 /* Base */ = {isa = PBXFileReference; lastKnownFileType = file.storyboard; name = Base; path = Base.lproj/LaunchScreen.storyboard; sourceTree = "<group>"; };
		3A6A868C2BE7D499000BB555 /* Info.plist */ = {isa = PBXFileReference; lastKnownFileType = text.plist.xml; path = Info.plist; sourceTree = "<group>"; };
		3A6A869A2BF17651000BB555 /* Test.swift */ = {isa = PBXFileReference; lastKnownFileType = sourcecode.swift; path = Test.swift; sourceTree = "<group>"; };
		3A6A869E2BF17C94000BB555 /* Interface.swift */ = {isa = PBXFileReference; fileEncoding = 4; lastKnownFileType = sourcecode.swift; path = Interface.swift; sourceTree = "<group>"; };
		3A6A86A02BF21270000BB555 /* Question.swift */ = {isa = PBXFileReference; lastKnownFileType = sourcecode.swift; path = Question.swift; sourceTree = "<group>"; };
		3A6A86A22BF2128E000BB555 /* QuestionList.swift */ = {isa = PBXFileReference; lastKnownFileType = sourcecode.swift; path = QuestionList.swift; sourceTree = "<group>"; };
		3A6A86A42BF2136C000BB555 /* Score.swift */ = {isa = PBXFileReference; lastKnownFileType = sourcecode.swift; path = Score.swift; sourceTree = "<group>"; };
		3A6A86A62BF22662000BB555 /* Monograph.swift */ = {isa = PBXFileReference; lastKnownFileType = sourcecode.swift; path = Monograph.swift; sourceTree = "<group>"; };
/* End PBXFileReference section */

/* Begin PBXFrameworksBuildPhase section */
		3A6A86782BE7D496000BB555 /* Frameworks */ = {
			isa = PBXFrameworksBuildPhase;
			buildActionMask = 2147483647;
			files = (
			);
			runOnlyForDeploymentPostprocessing = 0;
		};
/* End PBXFrameworksBuildPhase section */

/* Begin PBXGroup section */
		3A6A86722BE7D496000BB555 = {
			isa = PBXGroup;
			children = (
				3A6A867D2BE7D496000BB555 /* HIRAGANA */,
				3A6A867C2BE7D496000BB555 /* Products */,
			);
			sourceTree = "<group>";
		};
		3A6A867C2BE7D496000BB555 /* Products */ = {
			isa = PBXGroup;
			children = (
				3A6A867B2BE7D496000BB555 /* HIRAGANA.app */,
			);
			name = Products;
			sourceTree = "<group>";
		};
		3A6A867D2BE7D496000BB555 /* HIRAGANA */ = {
			isa = PBXGroup;
			children = (
				3A6A867E2BE7D496000BB555 /* AppDelegate.swift */,
				3A6A86802BE7D496000BB555 /* SceneDelegate.swift */,
				3A6A86942BE7D58F000BB555 /* Model */,
				3A6A86992BE8D606000BB555 /* Controller */,
				3A6A86982BE8D5F4000BB555 /* View */,
				3A6A86872BE7D499000BB555 /* Assets.xcassets */,
				3A6A86892BE7D499000BB555 /* LaunchScreen.storyboard */,
				3A6A868C2BE7D499000BB555 /* Info.plist */,
			);
			path = HIRAGANA;
			sourceTree = "<group>";
		};
		3A6A86942BE7D58F000BB555 /* Model */ = {
			isa = PBXGroup;
			children = (
				3A6A869E2BF17C94000BB555 /* Interface.swift */,
				3A6A869A2BF17651000BB555 /* Test.swift */,
				3A6A86A02BF21270000BB555 /* Question.swift */,
				3A6A86A22BF2128E000BB555 /* QuestionList.swift */,
				3A6A86A42BF2136C000BB555 /* Score.swift */,
				3A6A86A62BF22662000BB555 /* Monograph.swift */,
			);
			path = Model;
			sourceTree = "<group>";
		};
		3A6A86982BE8D5F4000BB555 /* View */ = {
			isa = PBXGroup;
			children = (
				3A6A86842BE7D496000BB555 /* Main.storyboard */,
			);
			path = View;
			sourceTree = "<group>";
		};
		3A6A86992BE8D606000BB555 /* Controller */ = {
			isa = PBXGroup;
			children = (
				3A6A86822BE7D496000BB555 /* ViewController.swift */,
			);
			path = Controller;
			sourceTree = "<group>";
		};
/* End PBXGroup section */

/* Begin PBXNativeTarget section */
		3A6A867A2BE7D496000BB555 /* HIRAGANA */ = {
			isa = PBXNativeTarget;
			buildConfigurationList = 3A6A868F2BE7D499000BB555 /* Build configuration list for PBXNativeTarget "HIRAGANA" */;
			buildPhases = (
				3A6A86772BE7D496000BB555 /* Sources */,
				3A6A86782BE7D496000BB555 /* Frameworks */,
				3A6A86792BE7D496000BB555 /* Resources */,
			);
			buildRules = (
			);
			dependencies = (
			);
			name = HIRAGANA;
			productName = HIRAGANA;
			productReference = 3A6A867B2BE7D496000BB555 /* HIRAGANA.app */;
			productType = "com.apple.product-type.application";
		};
/* End PBXNativeTarget section */

/* Begin PBXProject section */
		3A6A86732BE7D496000BB555 /* Project object */ = {
			isa = PBXProject;
			attributes = {
				BuildIndependentTargetsInParallel = 1;
				LastSwiftUpdateCheck = 1530;
				LastUpgradeCheck = 1530;
				TargetAttributes = {
					3A6A867A2BE7D496000BB555 = {
						CreatedOnToolsVersion = 15.3;
					};
				};
			};
			buildConfigurationList = 3A6A86762BE7D496000BB555 /* Build configuration list for PBXProject "HIRAGANA" */;
			compatibilityVersion = "Xcode 14.0";
			developmentRegion = en;
			hasScannedForEncodings = 0;
			knownRegions = (
				en,
				Base,
			);
			mainGroup = 3A6A86722BE7D496000BB555;
			productRefGroup = 3A6A867C2BE7D496000BB555 /* Products */;
			projectDirPath = "";
			projectRoot = "";
			targets = (
				3A6A867A2BE7D496000BB555 /* HIRAGANA */,
			);
		};
/* End PBXProject section */

/* Begin PBXResourcesBuildPhase section */
		3A6A86792BE7D496000BB555 /* Resources */ = {
			isa = PBXResourcesBuildPhase;
			buildActionMask = 2147483647;
			files = (
				3A6A86882BE7D499000BB555 /* Assets.xcassets in Resources */,
				3A6A868B2BE7D499000BB555 /* Base in Resources */,
				3A6A86862BE7D496000BB555 /* Base in Resources */,
			);
			runOnlyForDeploymentPostprocessing = 0;
		};
/* End PBXResourcesBuildPhase section */

/* Begin PBXSourcesBuildPhase section */
		3A6A86772BE7D496000BB555 /* Sources */ = {
			isa = PBXSourcesBuildPhase;
			buildActionMask = 2147483647;
			files = (
				3A6A86A72BF22662000BB555 /* Monograph.swift in Sources */,
				3A6A86A32BF2128E000BB555 /* QuestionList.swift in Sources */,
				3A6A86832BE7D496000BB555 /* ViewController.swift in Sources */,
				3A6A86A12BF21270000BB555 /* Question.swift in Sources */,
				3A6A86A52BF2136C000BB555 /* Score.swift in Sources */,
				3A6A867F2BE7D496000BB555 /* AppDelegate.swift in Sources */,
				3A6A869F2BF17C94000BB555 /* Interface.swift in Sources */,
				3A6A86812BE7D496000BB555 /* SceneDelegate.swift in Sources */,
				3A6A869B2BF17651000BB555 /* Test.swift in Sources */,
			);
			runOnlyForDeploymentPostprocessing = 0;
		};
/* End PBXSourcesBuildPhase section */

/* Begin PBXVariantGroup section */
		3A6A86842BE7D496000BB555 /* Main.storyboard */ = {
			isa = PBXVariantGroup;
			children = (
				3A6A86852BE7D496000BB555 /* Base */,
			);
			name = Main.storyboard;
			sourceTree = "<group>";
		};
		3A6A86892BE7D499000BB555 /* LaunchScreen.storyboard */ = {
			isa = PBXVariantGroup;
			children = (
				3A6A868A2BE7D499000BB555 /* Base */,
			);
			name = LaunchScreen.storyboard;
			sourceTree = "<group>";
		};
/* End PBXVariantGroup section */

/* Begin XCBuildConfiguration section */
		3A6A868D2BE7D499000BB555 /* Debug */ = {
			isa = XCBuildConfiguration;
			buildSettings = {
				ALWAYS_SEARCH_USER_PATHS = NO;
				ASSETCATALOG_COMPILER_GENERATE_SWIFT_ASSET_SYMBOL_EXTENSIONS = YES;
				CLANG_ANALYZER_NONNULL = YES;
				CLANG_ANALYZER_NUMBER_OBJECT_CONVERSION = YES_AGGRESSIVE;
				CLANG_CXX_LANGUAGE_STANDARD = "gnu++20";
				CLANG_ENABLE_MODULES = YES;
				CLANG_ENABLE_OBJC_ARC = YES;
				CLANG_ENABLE_OBJC_WEAK = YES;
				CLANG_WARN_BLOCK_CAPTURE_AUTORELEASING = YES;
				CLANG_WARN_BOOL_CONVERSION = YES;
				CLANG_WARN_COMMA = YES;
				CLANG_WARN_CONSTANT_CONVERSION = YES;
				CLANG_WARN_DEPRECATED_OBJC_IMPLEMENTATIONS = YES;
				CLANG_WARN_DIRECT_OBJC_ISA_USAGE = YES_ERROR;
				CLANG_WARN_DOCUMENTATION_COMMENTS = YES;
				CLANG_WARN_EMPTY_BODY = YES;
				CLANG_WARN_ENUM_CONVERSION = YES;
				CLANG_WARN_INFINITE_RECURSION = YES;
				CLANG_WARN_INT_CONVERSION = YES;
				CLANG_WARN_NON_LITERAL_NULL_CONVERSION = YES;
				CLANG_WARN_OBJC_IMPLICIT_RETAIN_SELF = YES;
				CLANG_WARN_OBJC_LITERAL_CONVERSION = YES;
				CLANG_WARN_OBJC_ROOT_CLASS = YES_ERROR;
				CLANG_WARN_QUOTED_INCLUDE_IN_FRAMEWORK_HEADER = YES;
				CLANG_WARN_RANGE_LOOP_ANALYSIS = YES;
				CLANG_WARN_STRICT_PROTOTYPES = YES;
				CLANG_WARN_SUSPICIOUS_MOVE = YES;
				CLANG_WARN_UNGUARDED_AVAILABILITY = YES_AGGRESSIVE;
				CLANG_WARN_UNREACHABLE_CODE = YES;
				CLANG_WARN__DUPLICATE_METHOD_MATCH = YES;
				COPY_PHASE_STRIP = NO;
				DEBUG_INFORMATION_FORMAT = dwarf;
				ENABLE_STRICT_OBJC_MSGSEND = YES;
				ENABLE_TESTABILITY = YES;
				ENABLE_USER_SCRIPT_SANDBOXING = YES;
				GCC_C_LANGUAGE_STANDARD = gnu17;
				GCC_DYNAMIC_NO_PIC = NO;
				GCC_NO_COMMON_BLOCKS = YES;
				GCC_OPTIMIZATION_LEVEL = 0;
				GCC_PREPROCESSOR_DEFINITIONS = (
					"DEBUG=1",
					"$(inherited)",
				);
				GCC_WARN_64_TO_32_BIT_CONVERSION = YES;
				GCC_WARN_ABOUT_RETURN_TYPE = YES_ERROR;
				GCC_WARN_UNDECLARED_SELECTOR = YES;
				GCC_WARN_UNINITIALIZED_AUTOS = YES_AGGRESSIVE;
				GCC_WARN_UNUSED_FUNCTION = YES;
				GCC_WARN_UNUSED_VARIABLE = YES;
				IPHONEOS_DEPLOYMENT_TARGET = 17.4;
				LOCALIZATION_PREFERS_STRING_CATALOGS = YES;
				MTL_ENABLE_DEBUG_INFO = INCLUDE_SOURCE;
				MTL_FAST_MATH = YES;
				ONLY_ACTIVE_ARCH = YES;
				SDKROOT = iphoneos;
				SWIFT_ACTIVE_COMPILATION_CONDITIONS = "DEBUG $(inherited)";
				SWIFT_OPTIMIZATION_LEVEL = "-Onone";
			};
			name = Debug;
		};
		3A6A868E2BE7D499000BB555 /* Release */ = {
			isa = XCBuildConfiguration;
			buildSettings = {
				ALWAYS_SEARCH_USER_PATHS = NO;
				ASSETCATALOG_COMPILER_GENERATE_SWIFT_ASSET_SYMBOL_EXTENSIONS = YES;
				CLANG_ANALYZER_NONNULL = YES;
				CLANG_ANALYZER_NUMBER_OBJECT_CONVERSION = YES_AGGRESSIVE;
				CLANG_CXX_LANGUAGE_STANDARD = "gnu++20";
				CLANG_ENABLE_MODULES = YES;
				CLANG_ENABLE_OBJC_ARC = YES;
				CLANG_ENABLE_OBJC_WEAK = YES;
				CLANG_WARN_BLOCK_CAPTURE_AUTORELEASING = YES;
				CLANG_WARN_BOOL_CONVERSION = YES;
				CLANG_WARN_COMMA = YES;
				CLANG_WARN_CONSTANT_CONVERSION = YES;
				CLANG_WARN_DEPRECATED_OBJC_IMPLEMENTATIONS = YES;
				CLANG_WARN_DIRECT_OBJC_ISA_USAGE = YES_ERROR;
				CLANG_WARN_DOCUMENTATION_COMMENTS = YES;
				CLANG_WARN_EMPTY_BODY = YES;
				CLANG_WARN_ENUM_CONVERSION = YES;
				CLANG_WARN_INFINITE_RECURSION = YES;
				CLANG_WARN_INT_CONVERSION = YES;
				CLANG_WARN_NON_LITERAL_NULL_CONVERSION = YES;
				CLANG_WARN_OBJC_IMPLICIT_RETAIN_SELF = YES;
				CLANG_WARN_OBJC_LITERAL_CONVERSION = YES;
				CLANG_WARN_OBJC_ROOT_CLASS = YES_ERROR;
				CLANG_WARN_QUOTED_INCLUDE_IN_FRAMEWORK_HEADER = YES;
				CLANG_WARN_RANGE_LOOP_ANALYSIS = YES;
				CLANG_WARN_STRICT_PROTOTYPES = YES;
				CLANG_WARN_SUSPICIOUS_MOVE = YES;
				CLANG_WARN_UNGUARDED_AVAILABILITY = YES_AGGRESSIVE;
				CLANG_WARN_UNREACHABLE_CODE = YES;
				CLANG_WARN__DUPLICATE_METHOD_MATCH = YES;
				COPY_PHASE_STRIP = NO;
				DEBUG_INFORMATION_FORMAT = "dwarf-with-dsym";
				ENABLE_NS_ASSERTIONS = NO;
				ENABLE_STRICT_OBJC_MSGSEND = YES;
				ENABLE_USER_SCRIPT_SANDBOXING = YES;
				GCC_C_LANGUAGE_STANDARD = gnu17;
				GCC_NO_COMMON_BLOCKS = YES;
				GCC_WARN_64_TO_32_BIT_CONVERSION = YES;
				GCC_WARN_ABOUT_RETURN_TYPE = YES_ERROR;
				GCC_WARN_UNDECLARED_SELECTOR = YES;
				GCC_WARN_UNINITIALIZED_AUTOS = YES_AGGRESSIVE;
				GCC_WARN_UNUSED_FUNCTION = YES;
				GCC_WARN_UNUSED_VARIABLE = YES;
				IPHONEOS_DEPLOYMENT_TARGET = 17.4;
				LOCALIZATION_PREFERS_STRING_CATALOGS = YES;
				MTL_ENABLE_DEBUG_INFO = NO;
				MTL_FAST_MATH = YES;
				SDKROOT = iphoneos;
				SWIFT_COMPILATION_MODE = wholemodule;
				VALIDATE_PRODUCT = YES;
			};
			name = Release;
		};
		3A6A86902BE7D499000BB555 /* Debug */ = {
			isa = XCBuildConfiguration;
			buildSettings = {
				ASSETCATALOG_COMPILER_APPICON_NAME = AppIcon;
				ASSETCATALOG_COMPILER_GLOBAL_ACCENT_COLOR_NAME = AccentColor;
				CODE_SIGN_STYLE = Automatic;
				CURRENT_PROJECT_VERSION = 1;
				DEVELOPMENT_TEAM = C495CY9334;
				GENERATE_INFOPLIST_FILE = YES;
				INFOPLIST_FILE = HIRAGANA/Info.plist;
				INFOPLIST_KEY_UIApplicationSupportsIndirectInputEvents = YES;
				INFOPLIST_KEY_UILaunchStoryboardName = LaunchScreen;
				INFOPLIST_KEY_UIMainStoryboardFile = Main;
				INFOPLIST_KEY_UISupportedInterfaceOrientations_iPad = "UIInterfaceOrientationPortrait UIInterfaceOrientationPortraitUpsideDown UIInterfaceOrientationLandscapeLeft UIInterfaceOrientationLandscapeRight";
				INFOPLIST_KEY_UISupportedInterfaceOrientations_iPhone = "UIInterfaceOrientationPortrait UIInterfaceOrientationLandscapeLeft UIInterfaceOrientationLandscapeRight";
				LD_RUNPATH_SEARCH_PATHS = (
					"$(inherited)",
					"@executable_path/Frameworks",
				);
				MARKETING_VERSION = 1.0;
				PRODUCT_BUNDLE_IDENTIFIER = com.anton.HIRAGANA;
				PRODUCT_NAME = "$(TARGET_NAME)";
				SWIFT_EMIT_LOC_STRINGS = YES;
				SWIFT_VERSION = 5.0;
				TARGETED_DEVICE_FAMILY = "1,2";
			};
			name = Debug;
		};
		3A6A86912BE7D499000BB555 /* Release */ = {
			isa = XCBuildConfiguration;
			buildSettings = {
				ASSETCATALOG_COMPILER_APPICON_NAME = AppIcon;
				ASSETCATALOG_COMPILER_GLOBAL_ACCENT_COLOR_NAME = AccentColor;
				CODE_SIGN_STYLE = Automatic;
				CURRENT_PROJECT_VERSION = 1;
				DEVELOPMENT_TEAM = C495CY9334;
				GENERATE_INFOPLIST_FILE = YES;
				INFOPLIST_FILE = HIRAGANA/Info.plist;
				INFOPLIST_KEY_UIApplicationSupportsIndirectInputEvents = YES;
				INFOPLIST_KEY_UILaunchStoryboardName = LaunchScreen;
				INFOPLIST_KEY_UIMainStoryboardFile = Main;
				INFOPLIST_KEY_UISupportedInterfaceOrientations_iPad = "UIInterfaceOrientationPortrait UIInterfaceOrientationPortraitUpsideDown UIInterfaceOrientationLandscapeLeft UIInterfaceOrientationLandscapeRight";
				INFOPLIST_KEY_UISupportedInterfaceOrientations_iPhone = "UIInterfaceOrientationPortrait UIInterfaceOrientationLandscapeLeft UIInterfaceOrientationLandscapeRight";
				LD_RUNPATH_SEARCH_PATHS = (
					"$(inherited)",
					"@executable_path/Frameworks",
				);
				MARKETING_VERSION = 1.0;
				PRODUCT_BUNDLE_IDENTIFIER = com.anton.HIRAGANA;
				PRODUCT_NAME = "$(TARGET_NAME)";
				SWIFT_EMIT_LOC_STRINGS = YES;
				SWIFT_VERSION = 5.0;
				TARGETED_DEVICE_FAMILY = "1,2";
			};
			name = Release;
		};
/* End XCBuildConfiguration section */

/* Begin XCConfigurationList section */
		3A6A86762BE7D496000BB555 /* Build configuration list for PBXProject "HIRAGANA" */ = {
			isa = XCConfigurationList;
			buildConfigurations = (
				3A6A868D2BE7D499000BB555 /* Debug */,
				3A6A868E2BE7D499000BB555 /* Release */,
			);
			defaultConfigurationIsVisible = 0;
			defaultConfigurationName = Release;
		};
		3A6A868F2BE7D499000BB555 /* Build configuration list for PBXNativeTarget "HIRAGANA" */ = {
			isa = XCConfigurationList;
			buildConfigurations = (
				3A6A86902BE7D499000BB555 /* Debug */,
				3A6A86912BE7D499000BB555 /* Release */,
			);
			defaultConfigurationIsVisible = 0;
			defaultConfigurationName = Release;
		};
/* End XCConfigurationList section */
	};
	rootObject = 3A6A86732BE7D496000BB555 /* Project object */;
}
